
Microsoft Visual Studio Solution File, Format Version 12.00
# Visual Studio Version 17
VisualStudioVersion = 17.1.32421.90
MinimumVisualStudioVersion = 10.0.40219.1
Project("{FAE04EC0-301F-11D3-BF4B-00C04F79EFBC}") = "Erp.Api", "Src\Presentation Layer\Api\Erp.Api\Erp.Api.csproj", "{DD8DD92A-2D64-44E6-BB7F-A9443B41FF4D}"
EndProject
Project("{2150E333-8FDC-42A3-9474-1A3956D46DE8}") = "Src", "Src", "{553442B7-4E56-4ADC-807C-978E2BB7105A}"
EndProject
Project("{2150E333-8FDC-42A3-9474-1A3956D46DE8}") = "Presentation Layer", "Presentation Layer", "{4F5D5947-2866-43D9-A226-23AE584E6DA5}"
EndProject
Project("{2150E333-8FDC-42A3-9474-1A3956D46DE8}") = "Api", "Api", "{B8D90D47-8DBE-47F8-BE42-F7A1509E3AE1}"
EndProject
Project("{2150E333-8FDC-42A3-9474-1A3956D46DE8}") = "Business Layer", "Business Layer", "{95EBECE3-0957-4213-9B8C-49819B08E1D9}"
EndProject
Project("{FAE04EC0-301F-11D3-BF4B-00C04F79EFBC}") = "Erp.Core", "Src\Business Layer\Erp.Core\Erp.Core.csproj", "{4716CFBA-17DA-46AF-9D1E-1194165804CE}"
EndProject
Project("{2150E333-8FDC-42A3-9474-1A3956D46DE8}") = "Data Layer", "Data Layer", "{97FEF1F0-AA24-4269-812F-267C20EA787C}"
EndProject
Project("{FAE04EC0-301F-11D3-BF4B-00C04F79EFBC}") = "Erp.Persistence", "Src\Data Layer\Erp.Persistence\Erp.Persistence.csproj", "{F08CD655-73D6-4C23-87E2-D4C2B07B5022}"
EndProject
Project("{2150E333-8FDC-42A3-9474-1A3956D46DE8}") = "Extension Layer", "Extension Layer", "{6C1FD76C-9AB7-4A50-8135-61732354CD7E}"
EndProject
Project("{FAE04EC0-301F-11D3-BF4B-00C04F79EFBC}") = "Erp.Extensions", "Src\Extension Layer\Erp.Extensions\Erp.Extensions.csproj", "{48230E3D-3F1E-49C5-8841-1F1442CF0271}"
EndProject
Project("{2150E333-8FDC-42A3-9474-1A3956D46DE8}") = "Domain Layer", "Domain Layer", "{00415A74-F3B7-4248-B18D-670119B963D7}"
EndProject
Project("{FAE04EC0-301F-11D3-BF4B-00C04F79EFBC}") = "Erp.Domain", "Src\Domain Layer\Erp.Domain\Erp.Domain.csproj", "{1E3E477B-41C2-4392-A8B0-AF738BC4E03E}"
EndProject
Project("{2150E333-8FDC-42A3-9474-1A3956D46DE8}") = "Helper Layer", "Helper Layer", "{95454968-1BC5-4B4A-9269-DEB7795C4FBC}"
EndProject
Project("{FAE04EC0-301F-11D3-BF4B-00C04F79EFBC}") = "Erp.Helper", "Src\Helper Layer\Helper Layer\Erp.Helper.csproj", "{508D2E88-B56E-444C-B7B4-5C1066E47354}"
EndProject
Project("{2150E333-8FDC-42A3-9474-1A3956D46DE8}") = "Infrastructure Layer", "Infrastructure Layer", "{3A55B9C7-0F4E-48E6-935F-656E212FFDBF}"
EndProject
Project("{FAE04EC0-301F-11D3-BF4B-00C04F79EFBC}") = "Erp.Infrastructure", "Src\Infrastructure Layer\Erp.Infrastructure.csproj", "{4B8E97AB-4A5E-45FC-9093-55777A7B863F}"
EndProject
Global
	GlobalSection(SolutionConfigurationPlatforms) = preSolution
		Debug|Any CPU = Debug|Any CPU
		Release|Any CPU = Release|Any CPU
	EndGlobalSection
	GlobalSection(ProjectConfigurationPlatforms) = postSolution
		{DD8DD92A-2D64-44E6-BB7F-A9443B41FF4D}.Debug|Any CPU.ActiveCfg = Debug|Any CPU
		{DD8DD92A-2D64-44E6-BB7F-A9443B41FF4D}.Debug|Any CPU.Build.0 = Debug|Any CPU
		{DD8DD92A-2D64-44E6-BB7F-A9443B41FF4D}.Release|Any CPU.ActiveCfg = Release|Any CPU
		{DD8DD92A-2D64-44E6-BB7F-A9443B41FF4D}.Release|Any CPU.Build.0 = Release|Any CPU
		{4716CFBA-17DA-46AF-9D1E-1194165804CE}.Debug|Any CPU.ActiveCfg = Debug|Any CPU
		{4716CFBA-17DA-46AF-9D1E-1194165804CE}.Debug|Any CPU.Build.0 = Debug|Any CPU
		{4716CFBA-17DA-46AF-9D1E-1194165804CE}.Release|Any CPU.ActiveCfg = Release|Any CPU
		{4716CFBA-17DA-46AF-9D1E-1194165804CE}.Release|Any CPU.Build.0 = Release|Any CPU
		{F08CD655-73D6-4C23-87E2-D4C2B07B5022}.Debug|Any CPU.ActiveCfg = Debug|Any CPU
		{F08CD655-73D6-4C23-87E2-D4C2B07B5022}.Debug|Any CPU.Build.0 = Debug|Any CPU
		{F08CD655-73D6-4C23-87E2-D4C2B07B5022}.Release|Any CPU.ActiveCfg = Release|Any CPU
		{F08CD655-73D6-4C23-87E2-D4C2B07B5022}.Release|Any CPU.Build.0 = Release|Any CPU
		{48230E3D-3F1E-49C5-8841-1F1442CF0271}.Debug|Any CPU.ActiveCfg = Debug|Any CPU
		{48230E3D-3F1E-49C5-8841-1F1442CF0271}.Debug|Any CPU.Build.0 = Debug|Any CPU
		{48230E3D-3F1E-49C5-8841-1F1442CF0271}.Release|Any CPU.ActiveCfg = Release|Any CPU
		{48230E3D-3F1E-49C5-8841-1F1442CF0271}.Release|Any CPU.Build.0 = Release|Any CPU
		{1E3E477B-41C2-4392-A8B0-AF738BC4E03E}.Debug|Any CPU.ActiveCfg = Debug|Any CPU
		{1E3E477B-41C2-4392-A8B0-AF738BC4E03E}.Debug|Any CPU.Build.0 = Debug|Any CPU
		{1E3E477B-41C2-4392-A8B0-AF738BC4E03E}.Release|Any CPU.ActiveCfg = Release|Any CPU
		{1E3E477B-41C2-4392-A8B0-AF738BC4E03E}.Release|Any CPU.Build.0 = Release|Any CPU
		{508D2E88-B56E-444C-B7B4-5C1066E47354}.Debug|Any CPU.ActiveCfg = Debug|Any CPU
		{508D2E88-B56E-444C-B7B4-5C1066E47354}.Debug|Any CPU.Build.0 = Debug|Any CPU
		{508D2E88-B56E-444C-B7B4-5C1066E47354}.Release|Any CPU.ActiveCfg = Release|Any CPU
		{508D2E88-B56E-444C-B7B4-5C1066E47354}.Release|Any CPU.Build.0 = Release|Any CPU
		{4B8E97AB-4A5E-45FC-9093-55777A7B863F}.Debug|Any CPU.ActiveCfg = Debug|Any CPU
		{4B8E97AB-4A5E-45FC-9093-55777A7B863F}.Debug|Any CPU.Build.0 = Debug|Any CPU
		{4B8E97AB-4A5E-45FC-9093-55777A7B863F}.Release|Any CPU.ActiveCfg = Release|Any CPU
		{4B8E97AB-4A5E-45FC-9093-55777A7B863F}.Release|Any CPU.Build.0 = Release|Any CPU
	EndGlobalSection
	GlobalSection(SolutionProperties) = preSolution
		HideSolutionNode = FALSE
	EndGlobalSection
	GlobalSection(NestedProjects) = preSolution
		{DD8DD92A-2D64-44E6-BB7F-A9443B41FF4D} = {B8D90D47-8DBE-47F8-BE42-F7A1509E3AE1}
		{4F5D5947-2866-43D9-A226-23AE584E6DA5} = {553442B7-4E56-4ADC-807C-978E2BB7105A}
		{B8D90D47-8DBE-47F8-BE42-F7A1509E3AE1} = {4F5D5947-2866-43D9-A226-23AE584E6DA5}
		{95EBECE3-0957-4213-9B8C-49819B08E1D9} = {553442B7-4E56-4ADC-807C-978E2BB7105A}
		{4716CFBA-17DA-46AF-9D1E-1194165804CE} = {95EBECE3-0957-4213-9B8C-49819B08E1D9}
		{97FEF1F0-AA24-4269-812F-267C20EA787C} = {553442B7-4E56-4ADC-807C-978E2BB7105A}
		{F08CD655-73D6-4C23-87E2-D4C2B07B5022} = {97FEF1F0-AA24-4269-812F-267C20EA787C}
		{6C1FD76C-9AB7-4A50-8135-61732354CD7E} = {553442B7-4E56-4ADC-807C-978E2BB7105A}
		{48230E3D-3F1E-49C5-8841-1F1442CF0271} = {6C1FD76C-9AB7-4A50-8135-61732354CD7E}
		{00415A74-F3B7-4248-B18D-670119B963D7} = {553442B7-4E56-4ADC-807C-978E2BB7105A}
		{1E3E477B-41C2-4392-A8B0-AF738BC4E03E} = {00415A74-F3B7-4248-B18D-670119B963D7}
		{95454968-1BC5-4B4A-9269-DEB7795C4FBC} = {553442B7-4E56-4ADC-807C-978E2BB7105A}
		{508D2E88-B56E-444C-B7B4-5C1066E47354} = {95454968-1BC5-4B4A-9269-DEB7795C4FBC}
		{3A55B9C7-0F4E-48E6-935F-656E212FFDBF} = {553442B7-4E56-4ADC-807C-978E2BB7105A}
		{4B8E97AB-4A5E-45FC-9093-55777A7B863F} = {3A55B9C7-0F4E-48E6-935F-656E212FFDBF}
	EndGlobalSection
	GlobalSection(ExtensibilityGlobals) = postSolution
		SolutionGuid = {1B051FCF-B27B-4BBC-A438-B2C872451F3B}
	EndGlobalSection
EndGlobal
